{
  "name": "parcel-transformer-telefunc",
  "version": "1.0.0",
  "lockfileVersion": 2,
  "requires": true,
  "packages": {
    "": {
      "name": "parcel-transformer-telefunc",
      "version": "1.0.0",
      "dependencies": {
        "@parcel/plugin": "^2.4.0",
        "telefunc": "file:../telefunc"
      },
      "devDependencies": {
        "typescript": "^4.5.4"
      }
    },
    "../../..": {
      "version": "0.1.19",
      "license": "MIT",
      "dependencies": {
        "@brillout/json-s": "^0.4.4",
        "@brillout/libassert": "^0.5.4",
        "es-module-lexer": "^0.7.1"
      },
      "devDependencies": {
        "@nuxt/types": "^2.15.8",
        "@types/express": "^4.17.11",
        "@types/jest": "^27.4.0",
        "@types/node": "^17.0.10",
        "next": "^12.0.8",
        "rollup": "^2.67.1",
        "typescript": "^4.5.4",
        "vite": "^2.4.3"
      }
    },
    "../telefunc": {
      "version": "0.1.19",
      "license": "MIT",
      "dependencies": {
        "@brillout/json-s": "^0.4.4",
        "@brillout/libassert": "^0.5.4",
        "es-module-lexer": "^0.7.1"
      },
      "devDependencies": {
        "@nuxt/types": "^2.15.8",
        "@types/express": "^4.17.11",
        "@types/jest": "^27.4.0",
        "@types/node": "^17.0.10",
        "next": "^12.0.8",
        "rollup": "^2.67.1",
        "typescript": "^4.5.4",
        "vite": "^2.4.3"
      }
    },
    "node_modules/@parcel/cache": {
      "version": "2.4.0",
      "resolved": "https://registry.npmjs.org/@parcel/cache/-/cache-2.4.0.tgz",
      "integrity": "sha512-oOudoAafrCAHQY0zkU7gVHG1pAGBUz9rht7Tx4WupTmAH0O0F5UnZs6XbjoBJaPHg+CYUXK7v9wQcrNA72E3GA==",
      "dependencies": {
        "@parcel/fs": "2.4.0",
        "@parcel/logger": "2.4.0",
        "@parcel/utils": "2.4.0",
        "lmdb": "2.2.4"
      },
      "engines": {
        "node": ">= 12.0.0"
      },
      "funding": {
        "type": "opencollective",
        "url": "https://opencollective.com/parcel"
      },
      "peerDependencies": {
        "@parcel/core": "^2.4.0"
      }
    },
    "node_modules/@parcel/codeframe": {
      "version": "2.4.0",
      "resolved": "https://registry.npmjs.org/@parcel/codeframe/-/codeframe-2.4.0.tgz",
      "integrity": "sha512-PJ3W9Z0sjoS2CANyo50c+LEr9IRZrtu0WsVPSYZ5ZYRuSXrSa/6PcAlnkyDk2+hi7Od8ncT2bmDexl0Oar3Jyg==",
      "dependencies": {
        "chalk": "^4.1.0"
      },
      "engines": {
        "node": ">= 12.0.0"
      },
      "funding": {
        "type": "opencollective",
        "url": "https://opencollective.com/parcel"
      }
    },
    "node_modules/@parcel/core": {
      "version": "2.4.0",
      "resolved": "https://registry.npmjs.org/@parcel/core/-/core-2.4.0.tgz",
      "integrity": "sha512-EWZ2UWtIuwDc3fgsKyyTLpNNPoG8Yk2L117ICWF/+cqY8z/wJHm2KwLbeplDeq524shav0GJ9O4CemP3JPx0Nw==",
      "peer": true,
      "dependencies": {
        "@parcel/cache": "2.4.0",
        "@parcel/diagnostic": "2.4.0",
        "@parcel/events": "2.4.0",
        "@parcel/fs": "2.4.0",
        "@parcel/graph": "2.4.0",
        "@parcel/hash": "2.4.0",
        "@parcel/logger": "2.4.0",
        "@parcel/package-manager": "2.4.0",
        "@parcel/plugin": "2.4.0",
        "@parcel/source-map": "^2.0.0",
        "@parcel/types": "2.4.0",
        "@parcel/utils": "2.4.0",
        "@parcel/workers": "2.4.0",
        "abortcontroller-polyfill": "^1.1.9",
        "base-x": "^3.0.8",
        "browserslist": "^4.6.6",
        "clone": "^2.1.1",
        "dotenv": "^7.0.0",
        "dotenv-expand": "^5.1.0",
        "json-source-map": "^0.6.1",
        "json5": "^2.2.0",
        "msgpackr": "^1.5.4",
        "nullthrows": "^1.1.1",
        "semver": "^5.7.1"
      },
      "engines": {
        "node": ">= 12.0.0"
      },
      "funding": {
        "type": "opencollective",
        "url": "https://opencollective.com/parcel"
      }
    },
    "node_modules/@parcel/diagnostic": {
      "version": "2.4.0",
      "resolved": "https://registry.npmjs.org/@parcel/diagnostic/-/diagnostic-2.4.0.tgz",
      "integrity": "sha512-TjWO/b2zMFhub5ouwGjazMm7iAUvdmXBfWmjrg4TBhUbhoQwBnyWfvMDtAYo7PcvXfxVPgPZv86Nv6Ym5H6cHQ==",
      "dependencies": {
        "json-source-map": "^0.6.1",
        "nullthrows": "^1.1.1"
      },
      "engines": {
        "node": ">= 12.0.0"
      },
      "funding": {
        "type": "opencollective",
        "url": "https://opencollective.com/parcel"
      }
    },
    "node_modules/@parcel/events": {
      "version": "2.4.0",
      "resolved": "https://registry.npmjs.org/@parcel/events/-/events-2.4.0.tgz",
      "integrity": "sha512-DEaEtFbhOhNAEmiXJ3MyF8Scq+sNDKiTyLax4lAC5/dpE5GvwfNnoD17C2+0gDuuDpdQkdHfXfvr50aYFt7jcw==",
      "engines": {
        "node": ">= 12.0.0"
      },
      "funding": {
        "type": "opencollective",
        "url": "https://opencollective.com/parcel"
      }
    },
    "node_modules/@parcel/fs": {
      "version": "2.4.0",
      "resolved": "https://registry.npmjs.org/@parcel/fs/-/fs-2.4.0.tgz",
      "integrity": "sha512-CnUlWGUJ52SJVQi8QnaAPPQZOADmHMV9D9aX9GLcDm5XLT3Em7vmesG4bNLdMLwzYuzAtenhcWmuRCACuYztHw==",
      "dependencies": {
        "@parcel/fs-search": "2.4.0",
        "@parcel/types": "2.4.0",
        "@parcel/utils": "2.4.0",
        "@parcel/watcher": "^2.0.0",
        "@parcel/workers": "2.4.0"
      },
      "engines": {
        "node": ">= 12.0.0"
      },
      "funding": {
        "type": "opencollective",
        "url": "https://opencollective.com/parcel"
      },
      "peerDependencies": {
        "@parcel/core": "^2.4.0"
      }
    },
    "node_modules/@parcel/fs-search": {
      "version": "2.4.0",
      "resolved": "https://registry.npmjs.org/@parcel/fs-search/-/fs-search-2.4.0.tgz",
      "integrity": "sha512-W/Vu6wbZk4wuB6AVdMkyymwh/S8Peed/PgJgSsApYD6lSTD315I6OuEdxZh3lWY+dqQdog/NJ7dvi/hdpH/Iqw==",
      "dependencies": {
        "detect-libc": "^1.0.3"
      },
      "engines": {
        "node": ">= 12.0.0"
      },
      "funding": {
        "type": "opencollective",
        "url": "https://opencollective.com/parcel"
      }
    },
    "node_modules/@parcel/graph": {
      "version": "2.4.0",
      "resolved": "https://registry.npmjs.org/@parcel/graph/-/graph-2.4.0.tgz",
      "integrity": "sha512-5TZIAfDITkJCzgH4j4OQhnIvjV9IFwWqNBJanRl5QQTmKvdcODS3WbnK1SOJ+ZltcLVXMB+HNXmL0bX0tVolcw==",
      "peer": true,
      "dependencies": {
        "@parcel/utils": "2.4.0",
        "nullthrows": "^1.1.1"
      },
      "engines": {
        "node": ">= 12.0.0"
      },
      "funding": {
        "type": "opencollective",
        "url": "https://opencollective.com/parcel"
      }
    },
    "node_modules/@parcel/hash": {
      "version": "2.4.0",
      "resolved": "https://registry.npmjs.org/@parcel/hash/-/hash-2.4.0.tgz",
      "integrity": "sha512-nB+wYNUhe6+G8M7vQhdeFXtpYJYwJgBHOPZ7Hd9O2jdlamWjDbw0t/u1dJbYvGJ8ZDtLDwiItawQVpuVdskQ9g==",
      "dependencies": {
        "detect-libc": "^1.0.3",
        "xxhash-wasm": "^0.4.2"
      },
      "engines": {
        "node": ">= 12.0.0"
      },
      "funding": {
        "type": "opencollective",
        "url": "https://opencollective.com/parcel"
      }
    },
    "node_modules/@parcel/logger": {
      "version": "2.4.0",
      "resolved": "https://registry.npmjs.org/@parcel/logger/-/logger-2.4.0.tgz",
      "integrity": "sha512-DqfU0Zcs/0a7VBk+MsjJ80C66w4kM9EbkO3G12NIyEjNeG50ayW2CE9rUuJ91JaM9j0NFM1P82eyLpQPFFaVPw==",
      "dependencies": {
        "@parcel/diagnostic": "2.4.0",
        "@parcel/events": "2.4.0"
      },
      "engines": {
        "node": ">= 12.0.0"
      },
      "funding": {
        "type": "opencollective",
        "url": "https://opencollective.com/parcel"
      }
    },
    "node_modules/@parcel/markdown-ansi": {
      "version": "2.4.0",
      "resolved": "https://registry.npmjs.org/@parcel/markdown-ansi/-/markdown-ansi-2.4.0.tgz",
      "integrity": "sha512-gPUP1xikxHiu2kFyPy35pfuVkFgAmcywO8YDQj7iYcB+k7l4QPpIYFYGXn2QADV4faf66ncMeTD4uYV8c0GqjQ==",
      "dependencies": {
        "chalk": "^4.1.0"
      },
      "engines": {
        "node": ">= 12.0.0"
      },
      "funding": {
        "type": "opencollective",
        "url": "https://opencollective.com/parcel"
      }
    },
    "node_modules/@parcel/package-manager": {
      "version": "2.4.0",
      "resolved": "https://registry.npmjs.org/@parcel/package-manager/-/package-manager-2.4.0.tgz",
      "integrity": "sha512-21AEfAQnZbHRVViTn7QsPGe/CiGaFaDUH5f0m8qVC7fDjjhC8LM8blkqU72goaO9FbaLMadtEf2txhzly7h/bg==",
      "dependencies": {
        "@parcel/diagnostic": "2.4.0",
        "@parcel/fs": "2.4.0",
        "@parcel/logger": "2.4.0",
        "@parcel/types": "2.4.0",
        "@parcel/utils": "2.4.0",
        "@parcel/workers": "2.4.0",
        "semver": "^5.7.1"
      },
      "engines": {
        "node": ">= 12.0.0"
      },
      "funding": {
        "type": "opencollective",
        "url": "https://opencollective.com/parcel"
      },
      "peerDependencies": {
        "@parcel/core": "^2.4.0"
      }
    },
    "node_modules/@parcel/plugin": {
      "version": "2.4.0",
      "resolved": "https://registry.npmjs.org/@parcel/plugin/-/plugin-2.4.0.tgz",
      "integrity": "sha512-ehFUAL2+h27Lv+cYbbXA74UGy8C+eglUjcpvASOOjVRFuD6poMAMliKkKAXBhQaFx/Rvhz27A2PIPv9lL2i4UQ==",
      "dependencies": {
        "@parcel/types": "2.4.0"
      },
      "engines": {
        "node": ">= 12.0.0"
      },
      "funding": {
        "type": "opencollective",
        "url": "https://opencollective.com/parcel"
      }
    },
    "node_modules/@parcel/source-map": {
      "version": "2.0.2",
      "resolved": "https://registry.npmjs.org/@parcel/source-map/-/source-map-2.0.2.tgz",
      "integrity": "sha512-NnUrPYLpYB6qyx2v6bcRPn/gVigmGG6M6xL8wIg/i0dP1GLkuY1nf+Hqdf63FzPTqqT7K3k6eE5yHPQVMO5jcA==",
      "dependencies": {
        "detect-libc": "^1.0.3"
      },
      "engines": {
        "node": "^12.18.3 || >=14"
      }
    },
    "node_modules/@parcel/types": {
      "version": "2.4.0",
      "resolved": "https://registry.npmjs.org/@parcel/types/-/types-2.4.0.tgz",
      "integrity": "sha512-nysGIbBEnp+7R+tKTysdcTFOZDTCodsiXFeAhYQa5bhiOnG1l9gzhxQnE2OsdsgvMm40IOsgKprqvM/DbdLfnQ==",
      "dependencies": {
        "@parcel/cache": "2.4.0",
        "@parcel/diagnostic": "2.4.0",
        "@parcel/fs": "2.4.0",
        "@parcel/package-manager": "2.4.0",
        "@parcel/source-map": "^2.0.0",
        "@parcel/workers": "2.4.0",
        "utility-types": "^3.10.0"
      }
    },
    "node_modules/@parcel/utils": {
      "version": "2.4.0",
      "resolved": "https://registry.npmjs.org/@parcel/utils/-/utils-2.4.0.tgz",
      "integrity": "sha512-sdNo+mZqDZT8LJYB6WWRKa4wFVZcK6Zb5Jh6Du76QvXXwHbPIQNZgJBb6gd/Rbk4GLOp2tW7MnBfq6zP9E9E2g==",
      "dependencies": {
        "@parcel/codeframe": "2.4.0",
        "@parcel/diagnostic": "2.4.0",
        "@parcel/hash": "2.4.0",
        "@parcel/logger": "2.4.0",
        "@parcel/markdown-ansi": "2.4.0",
        "@parcel/source-map": "^2.0.0",
        "chalk": "^4.1.0"
      },
      "engines": {
        "node": ">= 12.0.0"
      },
      "funding": {
        "type": "opencollective",
        "url": "https://opencollective.com/parcel"
      }
    },
    "node_modules/@parcel/watcher": {
      "version": "2.0.5",
      "resolved": "https://registry.npmjs.org/@parcel/watcher/-/watcher-2.0.5.tgz",
      "integrity": "sha512-x0hUbjv891omnkcHD7ZOhiyyUqUUR6MNjq89JhEI3BxppeKWAm6NPQsqqRrAkCJBogdT/o/My21sXtTI9rJIsw==",
      "hasInstallScript": true,
      "dependencies": {
        "node-addon-api": "^3.2.1",
        "node-gyp-build": "^4.3.0"
      },
      "engines": {
        "node": ">= 10.0.0"
      },
      "funding": {
        "type": "opencollective",
        "url": "https://opencollective.com/parcel"
      }
    },
    "node_modules/@parcel/workers": {
      "version": "2.4.0",
      "resolved": "https://registry.npmjs.org/@parcel/workers/-/workers-2.4.0.tgz",
      "integrity": "sha512-eSFyvEoXXPgFzQfKIlpkUjpHfIbezUCRFTPKyJAKCxvU5DSXOpb1kz5vDESWQ4qTZXKnrKvxS1PPWN6bam9z0g==",
      "dependencies": {
        "@parcel/diagnostic": "2.4.0",
        "@parcel/logger": "2.4.0",
        "@parcel/types": "2.4.0",
        "@parcel/utils": "2.4.0",
        "chrome-trace-event": "^1.0.2",
        "nullthrows": "^1.1.1"
      },
      "engines": {
        "node": ">= 12.0.0"
      },
      "funding": {
        "type": "opencollective",
        "url": "https://opencollective.com/parcel"
      },
      "peerDependencies": {
        "@parcel/core": "^2.4.0"
      }
    },
    "node_modules/abortcontroller-polyfill": {
      "version": "1.7.3",
      "resolved": "https://registry.npmjs.org/abortcontroller-polyfill/-/abortcontroller-polyfill-1.7.3.tgz",
      "integrity": "sha512-zetDJxd89y3X99Kvo4qFx8GKlt6GsvN3UcRZHwU6iFA/0KiOmhkTVhe8oRoTBiTVPZu09x3vCra47+w8Yz1+2Q==",
      "peer": true
    },
    "node_modules/ansi-styles": {
      "version": "4.3.0",
      "resolved": "https://registry.npmjs.org/ansi-styles/-/ansi-styles-4.3.0.tgz",
      "integrity": "sha512-zbB9rCJAT1rbjiVDb2hqKFHNYLxgtk8NURxZ3IZwD3F6NtxbXZQCnnSi1Lkx+IDohdPlFp222wVALIheZJQSEg==",
      "dependencies": {
        "color-convert": "^2.0.1"
      },
      "engines": {
        "node": ">=8"
      },
      "funding": {
        "url": "https://github.com/chalk/ansi-styles?sponsor=1"
      }
    },
    "node_modules/base-x": {
      "version": "3.0.9",
      "resolved": "https://registry.npmjs.org/base-x/-/base-x-3.0.9.tgz",
      "integrity": "sha512-H7JU6iBHTal1gp56aKoaa//YUxEaAOUiydvrV/pILqIHXTtqxSkATOnDA2u+jZ/61sD+L/412+7kzXRtWukhpQ==",
      "peer": true,
      "dependencies": {
        "safe-buffer": "^5.0.1"
      }
    },
    "node_modules/browserslist": {
      "version": "4.20.2",
      "resolved": "https://registry.npmjs.org/browserslist/-/browserslist-4.20.2.tgz",
      "integrity": "sha512-CQOBCqp/9pDvDbx3xfMi+86pr4KXIf2FDkTTdeuYw8OxS9t898LA1Khq57gtufFILXpfgsSx5woNgsBgvGjpsA==",
      "funding": [
        {
          "type": "opencollective",
          "url": "https://opencollective.com/browserslist"
        },
        {
          "type": "tidelift",
          "url": "https://tidelift.com/funding/github/npm/browserslist"
        }
      ],
      "peer": true,
      "dependencies": {
        "caniuse-lite": "^1.0.30001317",
        "electron-to-chromium": "^1.4.84",
        "escalade": "^3.1.1",
        "node-releases": "^2.0.2",
        "picocolors": "^1.0.0"
      },
      "bin": {
        "browserslist": "cli.js"
      },
      "engines": {
        "node": "^6 || ^7 || ^8 || ^9 || ^10 || ^11 || ^12 || >=13.7"
      }
    },
    "node_modules/caniuse-lite": {
      "version": "1.0.30001319",
      "resolved": "https://registry.npmjs.org/caniuse-lite/-/caniuse-lite-1.0.30001319.tgz",
      "integrity": "sha512-xjlIAFHucBRSMUo1kb5D4LYgcN1M45qdKP++lhqowDpwJwGkpIRTt5qQqnhxjj1vHcI7nrJxWhCC1ATrCEBTcw==",
      "funding": [
        {
          "type": "opencollective",
          "url": "https://opencollective.com/browserslist"
        },
        {
          "type": "tidelift",
          "url": "https://tidelift.com/funding/github/npm/caniuse-lite"
        }
      ],
      "peer": true
    },
    "node_modules/chalk": {
      "version": "4.1.2",
      "resolved": "https://registry.npmjs.org/chalk/-/chalk-4.1.2.tgz",
      "integrity": "sha512-oKnbhFyRIXpUuez8iBMmyEa4nbj4IOQyuhc/wy9kY7/WVPcwIO9VA668Pu8RkO7+0G76SLROeyw9CpQ061i4mA==",
      "dependencies": {
        "ansi-styles": "^4.1.0",
        "supports-color": "^7.1.0"
      },
      "engines": {
        "node": ">=10"
      },
      "funding": {
        "url": "https://github.com/chalk/chalk?sponsor=1"
      }
    },
    "node_modules/chrome-trace-event": {
      "version": "1.0.3",
      "resolved": "https://registry.npmjs.org/chrome-trace-event/-/chrome-trace-event-1.0.3.tgz",
      "integrity": "sha512-p3KULyQg4S7NIHixdwbGX+nFHkoBiA4YQmyWtjb8XngSKV124nJmRysgAeujbUVb15vh+RvFUfCPqU7rXk+hZg==",
      "engines": {
        "node": ">=6.0"
      }
    },
    "node_modules/clone": {
      "version": "2.1.2",
      "resolved": "https://registry.npmjs.org/clone/-/clone-2.1.2.tgz",
      "integrity": "sha1-G39Ln1kfHo+DZwQBYANFoCiHQ18=",
      "peer": true,
      "engines": {
        "node": ">=0.8"
      }
    },
    "node_modules/color-convert": {
      "version": "2.0.1",
      "resolved": "https://registry.npmjs.org/color-convert/-/color-convert-2.0.1.tgz",
      "integrity": "sha512-RRECPsj7iu/xb5oKYcsFHSppFNnsj/52OVTRKb4zP5onXwVF3zVmmToNcOfGC+CRDpfK/U584fMg38ZHCaElKQ==",
      "dependencies": {
        "color-name": "~1.1.4"
      },
      "engines": {
        "node": ">=7.0.0"
      }
    },
    "node_modules/color-name": {
      "version": "1.1.4",
      "resolved": "https://registry.npmjs.org/color-name/-/color-name-1.1.4.tgz",
      "integrity": "sha512-dOy+3AuW3a2wNbZHIuMZpTcgjGuLU/uBL/ubcZF9OXbDo8ff4O8yVp5Bf0efS8uEoYo5q4Fx7dY9OgQGXgAsQA=="
    },
    "node_modules/detect-libc": {
      "version": "1.0.3",
      "resolved": "https://registry.npmjs.org/detect-libc/-/detect-libc-1.0.3.tgz",
      "integrity": "sha1-+hN8S9aY7fVc1c0CrFWfkaTEups=",
      "bin": {
        "detect-libc": "bin/detect-libc.js"
      },
      "engines": {
        "node": ">=0.10"
      }
    },
    "node_modules/dotenv": {
      "version": "7.0.0",
      "resolved": "https://registry.npmjs.org/dotenv/-/dotenv-7.0.0.tgz",
      "integrity": "sha512-M3NhsLbV1i6HuGzBUH8vXrtxOk+tWmzWKDMbAVSUp3Zsjm7ywFeuwrUXhmhQyRK1q5B5GGy7hcXPbj3bnfZg2g==",
      "peer": true,
      "engines": {
        "node": ">=6"
      }
    },
    "node_modules/dotenv-expand": {
      "version": "5.1.0",
      "resolved": "https://registry.npmjs.org/dotenv-expand/-/dotenv-expand-5.1.0.tgz",
      "integrity": "sha512-YXQl1DSa4/PQyRfgrv6aoNjhasp/p4qs9FjJ4q4cQk+8m4r6k4ZSiEyytKG8f8W9gi8WsQtIObNmKd+tMzNTmA==",
      "peer": true
    },
    "node_modules/electron-to-chromium": {
      "version": "1.4.91",
      "resolved": "https://registry.npmjs.org/electron-to-chromium/-/electron-to-chromium-1.4.91.tgz",
      "integrity": "sha512-Z7Jkc4+ouEg8F6RrrgLOs0kkJjI0cnyFQmnGVpln8pPifuKBNbUr37GMgJsCTSwy6Z9TK7oTwW33Oe+3aERYew==",
      "peer": true
    },
    "node_modules/escalade": {
      "version": "3.1.1",
      "resolved": "https://registry.npmjs.org/escalade/-/escalade-3.1.1.tgz",
      "integrity": "sha512-k0er2gUkLf8O0zKJiAhmkTnJlTvINGv7ygDNPbeIsX/TJjGJZHuh9B2UxbsaEkmlEo9MfhrSzmhIlhRlI2GXnw==",
      "peer": true,
      "engines": {
        "node": ">=6"
      }
    },
    "node_modules/has-flag": {
      "version": "4.0.0",
      "resolved": "https://registry.npmjs.org/has-flag/-/has-flag-4.0.0.tgz",
      "integrity": "sha512-EykJT/Q1KjTWctppgIAgfSO0tKVuZUjhgMr17kqTumMl6Afv3EISleU7qZUzoXDFTAHTDC4NOoG/ZxU3EvlMPQ==",
      "engines": {
        "node": ">=8"
      }
    },
    "node_modules/json-source-map": {
      "version": "0.6.1",
      "resolved": "https://registry.npmjs.org/json-source-map/-/json-source-map-0.6.1.tgz",
      "integrity": "sha512-1QoztHPsMQqhDq0hlXY5ZqcEdUzxQEIxgFkKl4WUp2pgShObl+9ovi4kRh2TfvAfxAoHOJ9vIMEqk3k4iex7tg=="
    },
    "node_modules/json5": {
      "version": "2.2.1",
      "resolved": "https://registry.npmjs.org/json5/-/json5-2.2.1.tgz",
      "integrity": "sha512-1hqLFMSrGHRHxav9q9gNjJ5EXznIxGVO09xQRrwplcS8qs28pZ8s8hupZAmqDwZUmVZ2Qb2jnyPOWcDH8m8dlA==",
      "peer": true,
      "bin": {
        "json5": "lib/cli.js"
      },
      "engines": {
        "node": ">=6"
      }
    },
    "node_modules/lmdb": {
      "version": "2.2.4",
      "resolved": "https://registry.npmjs.org/lmdb/-/lmdb-2.2.4.tgz",
      "integrity": "sha512-gto+BB2uEob8qRiTlOq+R3uX0YNHsX9mjxj9Sbdue/LIKqu6IlZjrsjKeGyOMquc/474GEqFyX2pdytpydp0rQ==",
      "hasInstallScript": true,
      "dependencies": {
        "msgpackr": "^1.5.4",
        "nan": "^2.14.2",
        "node-gyp-build": "^4.2.3",
        "ordered-binary": "^1.2.4",
        "weak-lru-cache": "^1.2.2"
      }
    },
    "node_modules/msgpackr": {
      "version": "1.5.5",
      "resolved": "https://registry.npmjs.org/msgpackr/-/msgpackr-1.5.5.tgz",
      "integrity": "sha512-JG0V47xRIQ9pyUnx6Hb4+3TrQoia2nA3UIdmyTldhxaxtKFkekkKpUW/N6fwHwod9o4BGuJGtouxOk+yCP5PEA==",
      "optionalDependencies": {
        "msgpackr-extract": "^1.0.14"
      }
    },
    "node_modules/msgpackr-extract": {
      "version": "1.0.16",
      "resolved": "https://registry.npmjs.org/msgpackr-extract/-/msgpackr-extract-1.0.16.tgz",
      "integrity": "sha512-fxdRfQUxPrL/TizyfYfMn09dK58e+d65bRD/fcaVH4052vj30QOzzqxcQIS7B0NsqlypEQ/6Du3QmP2DhWFfCA==",
      "hasInstallScript": true,
      "optional": true,
      "dependencies": {
        "nan": "^2.14.2",
        "node-gyp-build": "^4.2.3"
      }
    },
    "node_modules/nan": {
      "version": "2.15.0",
      "resolved": "https://registry.npmjs.org/nan/-/nan-2.15.0.tgz",
      "integrity": "sha512-8ZtvEnA2c5aYCZYd1cvgdnU6cqwixRoYg70xPLWUws5ORTa/lnw+u4amixRS/Ac5U5mQVgp9pnlSUnbNWFaWZQ=="
    },
    "node_modules/node-addon-api": {
      "version": "3.2.1",
      "resolved": "https://registry.npmjs.org/node-addon-api/-/node-addon-api-3.2.1.tgz",
      "integrity": "sha512-mmcei9JghVNDYydghQmeDX8KoAm0FAiYyIcUt/N4nhyAipB17pllZQDOJD2fotxABnt4Mdz+dKTO7eftLg4d0A=="
    },
    "node_modules/node-gyp-build": {
      "version": "4.3.0",
      "resolved": "https://registry.npmjs.org/node-gyp-build/-/node-gyp-build-4.3.0.tgz",
      "integrity": "sha512-iWjXZvmboq0ja1pUGULQBexmxq8CV4xBhX7VDOTbL7ZR4FOowwY/VOtRxBN/yKxmdGoIp4j5ysNT4u3S2pDQ3Q==",
      "bin": {
        "node-gyp-build": "bin.js",
        "node-gyp-build-optional": "optional.js",
        "node-gyp-build-test": "build-test.js"
      }
    },
    "node_modules/node-releases": {
      "version": "2.0.2",
      "resolved": "https://registry.npmjs.org/node-releases/-/node-releases-2.0.2.tgz",
      "integrity": "sha512-XxYDdcQ6eKqp/YjI+tb2C5WM2LgjnZrfYg4vgQt49EK268b6gYCHsBLrK2qvJo4FmCtqmKezb0WZFK4fkrZNsg==",
      "peer": true
    },
    "node_modules/nullthrows": {
      "version": "1.1.1",
      "resolved": "https://registry.npmjs.org/nullthrows/-/nullthrows-1.1.1.tgz",
      "integrity": "sha512-2vPPEi+Z7WqML2jZYddDIfy5Dqb0r2fze2zTxNNknZaFpVHU3mFB3R+DWeJWGVx0ecvttSGlJTI+WG+8Z4cDWw=="
    },
    "node_modules/ordered-binary": {
      "version": "1.2.4",
      "resolved": "https://registry.npmjs.org/ordered-binary/-/ordered-binary-1.2.4.tgz",
      "integrity": "sha512-A/csN0d3n+igxBPfUrjbV5GC69LWj2pjZzAAeeHXLukQ4+fytfP4T1Lg0ju7MSPSwq7KtHkGaiwO8URZN5IpLg=="
    },
    "node_modules/picocolors": {
      "version": "1.0.0",
      "resolved": "https://registry.npmjs.org/picocolors/-/picocolors-1.0.0.tgz",
      "integrity": "sha512-1fygroTLlHu66zi26VoTDv8yRgm0Fccecssto+MhsZ0D/DGW2sm8E8AjW7NU5VVTRt5GxbeZ5qBuJr+HyLYkjQ==",
      "peer": true
    },
    "node_modules/safe-buffer": {
      "version": "5.2.1",
      "resolved": "https://registry.npmjs.org/safe-buffer/-/safe-buffer-5.2.1.tgz",
      "integrity": "sha512-rp3So07KcdmmKbGvgaNxQSJr7bGVSVk5S9Eq1F+ppbRo70+YeaDxkw5Dd8NPN+GD6bjnYm2VuPuCXmpuYvmCXQ==",
      "funding": [
        {
          "type": "github",
          "url": "https://github.com/sponsors/feross"
        },
        {
          "type": "patreon",
          "url": "https://www.patreon.com/feross"
        },
        {
          "type": "consulting",
          "url": "https://feross.org/support"
        }
      ],
      "peer": true
    },
    "node_modules/semver": {
      "version": "5.7.1",
      "resolved": "https://registry.npmjs.org/semver/-/semver-5.7.1.tgz",
      "integrity": "sha512-sauaDf/PZdVgrLTNYHRtpXa1iRiKcaebiKQ1BJdpQlWH2lCvexQdX55snPFyK7QzpudqbCI0qXFfOasHdyNDGQ==",
      "bin": {
        "semver": "bin/semver"
      }
    },
    "node_modules/supports-color": {
      "version": "7.2.0",
      "resolved": "https://registry.npmjs.org/supports-color/-/supports-color-7.2.0.tgz",
      "integrity": "sha512-qpCAvRl9stuOHveKsn7HncJRvv501qIacKzQlO/+Lwxc9+0q2wLyv4Dfvt80/DPn2pqOBsJdDiogXGR9+OvwRw==",
      "dependencies": {
        "has-flag": "^4.0.0"
      },
      "engines": {
        "node": ">=8"
      }
    },
    "node_modules/telefunc": {
      "resolved": "../telefunc",
      "link": true
    },
    "node_modules/typescript": {
      "version": "4.6.3",
      "resolved": "https://registry.npmjs.org/typescript/-/typescript-4.6.3.tgz",
      "integrity": "sha512-yNIatDa5iaofVozS/uQJEl3JRWLKKGJKh6Yaiv0GLGSuhpFJe7P3SbHZ8/yjAHRQwKRoA6YZqlfjXWmVzoVSMw==",
      "dev": true,
      "bin": {
        "tsc": "bin/tsc",
        "tsserver": "bin/tsserver"
      },
      "engines": {
        "node": ">=4.2.0"
      }
    },
    "node_modules/utility-types": {
      "version": "3.10.0",
      "resolved": "https://registry.npmjs.org/utility-types/-/utility-types-3.10.0.tgz",
      "integrity": "sha512-O11mqxmi7wMKCo6HKFt5AhO4BwY3VV68YU07tgxfz8zJTIxr4BpsezN49Ffwy9j3ZpwwJp4fkRwjRzq3uWE6Rg==",
      "engines": {
        "node": ">= 4"
      }
    },
    "node_modules/weak-lru-cache": {
      "version": "1.2.2",
      "resolved": "https://registry.npmjs.org/weak-lru-cache/-/weak-lru-cache-1.2.2.tgz",
      "integrity": "sha512-DEAoo25RfSYMuTGc9vPJzZcZullwIqRDSI9LOy+fkCJPi6hykCnfKaXTuPBDuXAUcqHXyOgFtHNp/kB2FjYHbw=="
    },
    "node_modules/xxhash-wasm": {
      "version": "0.4.2",
      "resolved": "https://registry.npmjs.org/xxhash-wasm/-/xxhash-wasm-0.4.2.tgz",
      "integrity": "sha512-/eyHVRJQCirEkSZ1agRSCwriMhwlyUcFkXD5TPVSLP+IPzjsqMVzZwdoczLp1SoQU0R3dxz1RpIK+4YNQbCVOA=="
    }
  },
  "dependencies": {
    "@parcel/cache": {
      "version": "2.4.0",
      "resolved": "https://registry.npmjs.org/@parcel/cache/-/cache-2.4.0.tgz",
      "integrity": "sha512-oOudoAafrCAHQY0zkU7gVHG1pAGBUz9rht7Tx4WupTmAH0O0F5UnZs6XbjoBJaPHg+CYUXK7v9wQcrNA72E3GA==",
      "requires": {
        "@parcel/fs": "2.4.0",
        "@parcel/logger": "2.4.0",
        "@parcel/utils": "2.4.0",
        "lmdb": "2.2.4"
      }
    },
    "@parcel/codeframe": {
      "version": "2.4.0",
      "resolved": "https://registry.npmjs.org/@parcel/codeframe/-/codeframe-2.4.0.tgz",
      "integrity": "sha512-PJ3W9Z0sjoS2CANyo50c+LEr9IRZrtu0WsVPSYZ5ZYRuSXrSa/6PcAlnkyDk2+hi7Od8ncT2bmDexl0Oar3Jyg==",
      "requires": {
        "chalk": "^4.1.0"
      }
    },
    "@parcel/core": {
      "version": "2.4.0",
      "resolved": "https://registry.npmjs.org/@parcel/core/-/core-2.4.0.tgz",
      "integrity": "sha512-EWZ2UWtIuwDc3fgsKyyTLpNNPoG8Yk2L117ICWF/+cqY8z/wJHm2KwLbeplDeq524shav0GJ9O4CemP3JPx0Nw==",
      "peer": true,
      "requires": {
        "@parcel/cache": "2.4.0",
        "@parcel/diagnostic": "2.4.0",
        "@parcel/events": "2.4.0",
        "@parcel/fs": "2.4.0",
        "@parcel/graph": "2.4.0",
        "@parcel/hash": "2.4.0",
        "@parcel/logger": "2.4.0",
        "@parcel/package-manager": "2.4.0",
        "@parcel/plugin": "2.4.0",
        "@parcel/source-map": "^2.0.0",
        "@parcel/types": "2.4.0",
        "@parcel/utils": "2.4.0",
        "@parcel/workers": "2.4.0",
        "abortcontroller-polyfill": "^1.1.9",
        "base-x": "^3.0.8",
        "browserslist": "^4.6.6",
        "clone": "^2.1.1",
        "dotenv": "^7.0.0",
        "dotenv-expand": "^5.1.0",
        "json-source-map": "^0.6.1",
        "json5": "^2.2.0",
        "msgpackr": "^1.5.4",
        "nullthrows": "^1.1.1",
        "semver": "^5.7.1"
      }
    },
    "@parcel/diagnostic": {
      "version": "2.4.0",
      "resolved": "https://registry.npmjs.org/@parcel/diagnostic/-/diagnostic-2.4.0.tgz",
      "integrity": "sha512-TjWO/b2zMFhub5ouwGjazMm7iAUvdmXBfWmjrg4TBhUbhoQwBnyWfvMDtAYo7PcvXfxVPgPZv86Nv6Ym5H6cHQ==",
      "requires": {
        "json-source-map": "^0.6.1",
        "nullthrows": "^1.1.1"
      }
    },
    "@parcel/events": {
      "version": "2.4.0",
      "resolved": "https://registry.npmjs.org/@parcel/events/-/events-2.4.0.tgz",
      "integrity": "sha512-DEaEtFbhOhNAEmiXJ3MyF8Scq+sNDKiTyLax4lAC5/dpE5GvwfNnoD17C2+0gDuuDpdQkdHfXfvr50aYFt7jcw=="
    },
    "@parcel/fs": {
      "version": "2.4.0",
      "resolved": "https://registry.npmjs.org/@parcel/fs/-/fs-2.4.0.tgz",
      "integrity": "sha512-CnUlWGUJ52SJVQi8QnaAPPQZOADmHMV9D9aX9GLcDm5XLT3Em7vmesG4bNLdMLwzYuzAtenhcWmuRCACuYztHw==",
      "requires": {
        "@parcel/fs-search": "2.4.0",
        "@parcel/types": "2.4.0",
        "@parcel/utils": "2.4.0",
        "@parcel/watcher": "^2.0.0",
        "@parcel/workers": "2.4.0"
      }
    },
    "@parcel/fs-search": {
      "version": "2.4.0",
      "resolved": "https://registry.npmjs.org/@parcel/fs-search/-/fs-search-2.4.0.tgz",
      "integrity": "sha512-W/Vu6wbZk4wuB6AVdMkyymwh/S8Peed/PgJgSsApYD6lSTD315I6OuEdxZh3lWY+dqQdog/NJ7dvi/hdpH/Iqw==",
      "requires": {
        "detect-libc": "^1.0.3"
      }
    },
    "@parcel/graph": {
      "version": "2.4.0",
      "resolved": "https://registry.npmjs.org/@parcel/graph/-/graph-2.4.0.tgz",
      "integrity": "sha512-5TZIAfDITkJCzgH4j4OQhnIvjV9IFwWqNBJanRl5QQTmKvdcODS3WbnK1SOJ+ZltcLVXMB+HNXmL0bX0tVolcw==",
      "peer": true,
      "requires": {
        "@parcel/utils": "2.4.0",
        "nullthrows": "^1.1.1"
      }
    },
    "@parcel/hash": {
      "version": "2.4.0",
      "resolved": "https://registry.npmjs.org/@parcel/hash/-/hash-2.4.0.tgz",
      "integrity": "sha512-nB+wYNUhe6+G8M7vQhdeFXtpYJYwJgBHOPZ7Hd9O2jdlamWjDbw0t/u1dJbYvGJ8ZDtLDwiItawQVpuVdskQ9g==",
      "requires": {
        "detect-libc": "^1.0.3",
        "xxhash-wasm": "^0.4.2"
      }
    },
    "@parcel/logger": {
      "version": "2.4.0",
      "resolved": "https://registry.npmjs.org/@parcel/logger/-/logger-2.4.0.tgz",
      "integrity": "sha512-DqfU0Zcs/0a7VBk+MsjJ80C66w4kM9EbkO3G12NIyEjNeG50ayW2CE9rUuJ91JaM9j0NFM1P82eyLpQPFFaVPw==",
      "requires": {
        "@parcel/diagnostic": "2.4.0",
        "@parcel/events": "2.4.0"
      }
    },
    "@parcel/markdown-ansi": {
      "version": "2.4.0",
      "resolved": "https://registry.npmjs.org/@parcel/markdown-ansi/-/markdown-ansi-2.4.0.tgz",
      "integrity": "sha512-gPUP1xikxHiu2kFyPy35pfuVkFgAmcywO8YDQj7iYcB+k7l4QPpIYFYGXn2QADV4faf66ncMeTD4uYV8c0GqjQ==",
      "requires": {
        "chalk": "^4.1.0"
      }
    },
    "@parcel/package-manager": {
      "version": "2.4.0",
      "resolved": "https://registry.npmjs.org/@parcel/package-manager/-/package-manager-2.4.0.tgz",
      "integrity": "sha512-21AEfAQnZbHRVViTn7QsPGe/CiGaFaDUH5f0m8qVC7fDjjhC8LM8blkqU72goaO9FbaLMadtEf2txhzly7h/bg==",
      "requires": {
        "@parcel/diagnostic": "2.4.0",
        "@parcel/fs": "2.4.0",
        "@parcel/logger": "2.4.0",
        "@parcel/types": "2.4.0",
        "@parcel/utils": "2.4.0",
        "@parcel/workers": "2.4.0",
        "semver": "^5.7.1"
      }
    },
    "@parcel/plugin": {
      "version": "2.4.0",
      "resolved": "https://registry.npmjs.org/@parcel/plugin/-/plugin-2.4.0.tgz",
      "integrity": "sha512-ehFUAL2+h27Lv+cYbbXA74UGy8C+eglUjcpvASOOjVRFuD6poMAMliKkKAXBhQaFx/Rvhz27A2PIPv9lL2i4UQ==",
      "requires": {
        "@parcel/types": "2.4.0"
      }
    },
    "@parcel/source-map": {
      "version": "2.0.2",
      "resolved": "https://registry.npmjs.org/@parcel/source-map/-/source-map-2.0.2.tgz",
      "integrity": "sha512-NnUrPYLpYB6qyx2v6bcRPn/gVigmGG6M6xL8wIg/i0dP1GLkuY1nf+Hqdf63FzPTqqT7K3k6eE5yHPQVMO5jcA==",
      "requires": {
        "detect-libc": "^1.0.3"
      }
    },
    "@parcel/types": {
      "version": "2.4.0",
      "resolved": "https://registry.npmjs.org/@parcel/types/-/types-2.4.0.tgz",
      "integrity": "sha512-nysGIbBEnp+7R+tKTysdcTFOZDTCodsiXFeAhYQa5bhiOnG1l9gzhxQnE2OsdsgvMm40IOsgKprqvM/DbdLfnQ==",
      "requires": {
        "@parcel/cache": "2.4.0",
        "@parcel/diagnostic": "2.4.0",
        "@parcel/fs": "2.4.0",
        "@parcel/package-manager": "2.4.0",
        "@parcel/source-map": "^2.0.0",
        "@parcel/workers": "2.4.0",
        "utility-types": "^3.10.0"
      }
    },
    "@parcel/utils": {
      "version": "2.4.0",
      "resolved": "https://registry.npmjs.org/@parcel/utils/-/utils-2.4.0.tgz",
      "integrity": "sha512-sdNo+mZqDZT8LJYB6WWRKa4wFVZcK6Zb5Jh6Du76QvXXwHbPIQNZgJBb6gd/Rbk4GLOp2tW7MnBfq6zP9E9E2g==",
      "requires": {
        "@parcel/codeframe": "2.4.0",
        "@parcel/diagnostic": "2.4.0",
        "@parcel/hash": "2.4.0",
        "@parcel/logger": "2.4.0",
        "@parcel/markdown-ansi": "2.4.0",
        "@parcel/source-map": "^2.0.0",
        "chalk": "^4.1.0"
      }
    },
    "@parcel/watcher": {
      "version": "2.0.5",
      "resolved": "https://registry.npmjs.org/@parcel/watcher/-/watcher-2.0.5.tgz",
      "integrity": "sha512-x0hUbjv891omnkcHD7ZOhiyyUqUUR6MNjq89JhEI3BxppeKWAm6NPQsqqRrAkCJBogdT/o/My21sXtTI9rJIsw==",
      "requires": {
        "node-addon-api": "^3.2.1",
        "node-gyp-build": "^4.3.0"
      }
    },
    "@parcel/workers": {
      "version": "2.4.0",
      "resolved": "https://registry.npmjs.org/@parcel/workers/-/workers-2.4.0.tgz",
      "integrity": "sha512-eSFyvEoXXPgFzQfKIlpkUjpHfIbezUCRFTPKyJAKCxvU5DSXOpb1kz5vDESWQ4qTZXKnrKvxS1PPWN6bam9z0g==",
      "requires": {
        "@parcel/diagnostic": "2.4.0",
        "@parcel/logger": "2.4.0",
        "@parcel/types": "2.4.0",
        "@parcel/utils": "2.4.0",
        "chrome-trace-event": "^1.0.2",
        "nullthrows": "^1.1.1"
      }
    },
    "abortcontroller-polyfill": {
      "version": "1.7.3",
      "resolved": "https://registry.npmjs.org/abortcontroller-polyfill/-/abortcontroller-polyfill-1.7.3.tgz",
      "integrity": "sha512-zetDJxd89y3X99Kvo4qFx8GKlt6GsvN3UcRZHwU6iFA/0KiOmhkTVhe8oRoTBiTVPZu09x3vCra47+w8Yz1+2Q==",
      "peer": true
    },
    "ansi-styles": {
      "version": "4.3.0",
      "resolved": "https://registry.npmjs.org/ansi-styles/-/ansi-styles-4.3.0.tgz",
      "integrity": "sha512-zbB9rCJAT1rbjiVDb2hqKFHNYLxgtk8NURxZ3IZwD3F6NtxbXZQCnnSi1Lkx+IDohdPlFp222wVALIheZJQSEg==",
      "requires": {
        "color-convert": "^2.0.1"
      }
    },
    "base-x": {
      "version": "3.0.9",
      "resolved": "https://registry.npmjs.org/base-x/-/base-x-3.0.9.tgz",
      "integrity": "sha512-H7JU6iBHTal1gp56aKoaa//YUxEaAOUiydvrV/pILqIHXTtqxSkATOnDA2u+jZ/61sD+L/412+7kzXRtWukhpQ==",
      "peer": true,
      "requires": {
        "safe-buffer": "^5.0.1"
      }
    },
    "browserslist": {
      "version": "4.20.2",
      "resolved": "https://registry.npmjs.org/browserslist/-/browserslist-4.20.2.tgz",
      "integrity": "sha512-CQOBCqp/9pDvDbx3xfMi+86pr4KXIf2FDkTTdeuYw8OxS9t898LA1Khq57gtufFILXpfgsSx5woNgsBgvGjpsA==",
      "peer": true,
      "requires": {
        "caniuse-lite": "^1.0.30001317",
        "electron-to-chromium": "^1.4.84",
        "escalade": "^3.1.1",
        "node-releases": "^2.0.2",
        "picocolors": "^1.0.0"
      }
    },
    "caniuse-lite": {
      "version": "1.0.30001319",
      "resolved": "https://registry.npmjs.org/caniuse-lite/-/caniuse-lite-1.0.30001319.tgz",
      "integrity": "sha512-xjlIAFHucBRSMUo1kb5D4LYgcN1M45qdKP++lhqowDpwJwGkpIRTt5qQqnhxjj1vHcI7nrJxWhCC1ATrCEBTcw==",
      "peer": true
    },
    "chalk": {
      "version": "4.1.2",
      "resolved": "https://registry.npmjs.org/chalk/-/chalk-4.1.2.tgz",
      "integrity": "sha512-oKnbhFyRIXpUuez8iBMmyEa4nbj4IOQyuhc/wy9kY7/WVPcwIO9VA668Pu8RkO7+0G76SLROeyw9CpQ061i4mA==",
      "requires": {
        "ansi-styles": "^4.1.0",
        "supports-color": "^7.1.0"
      }
    },
    "chrome-trace-event": {
      "version": "1.0.3",
      "resolved": "https://registry.npmjs.org/chrome-trace-event/-/chrome-trace-event-1.0.3.tgz",
      "integrity": "sha512-p3KULyQg4S7NIHixdwbGX+nFHkoBiA4YQmyWtjb8XngSKV124nJmRysgAeujbUVb15vh+RvFUfCPqU7rXk+hZg=="
    },
    "clone": {
      "version": "2.1.2",
      "resolved": "https://registry.npmjs.org/clone/-/clone-2.1.2.tgz",
      "integrity": "sha1-G39Ln1kfHo+DZwQBYANFoCiHQ18=",
      "peer": true
    },
    "color-convert": {
      "version": "2.0.1",
      "resolved": "https://registry.npmjs.org/color-convert/-/color-convert-2.0.1.tgz",
      "integrity": "sha512-RRECPsj7iu/xb5oKYcsFHSppFNnsj/52OVTRKb4zP5onXwVF3zVmmToNcOfGC+CRDpfK/U584fMg38ZHCaElKQ==",
      "requires": {
        "color-name": "~1.1.4"
      }
    },
    "color-name": {
      "version": "1.1.4",
      "resolved": "https://registry.npmjs.org/color-name/-/color-name-1.1.4.tgz",
      "integrity": "sha512-dOy+3AuW3a2wNbZHIuMZpTcgjGuLU/uBL/ubcZF9OXbDo8ff4O8yVp5Bf0efS8uEoYo5q4Fx7dY9OgQGXgAsQA=="
    },
    "detect-libc": {
      "version": "1.0.3",
      "resolved": "https://registry.npmjs.org/detect-libc/-/detect-libc-1.0.3.tgz",
      "integrity": "sha1-+hN8S9aY7fVc1c0CrFWfkaTEups="
    },
    "dotenv": {
      "version": "7.0.0",
      "resolved": "https://registry.npmjs.org/dotenv/-/dotenv-7.0.0.tgz",
      "integrity": "sha512-M3NhsLbV1i6HuGzBUH8vXrtxOk+tWmzWKDMbAVSUp3Zsjm7ywFeuwrUXhmhQyRK1q5B5GGy7hcXPbj3bnfZg2g==",
      "peer": true
    },
    "dotenv-expand": {
      "version": "5.1.0",
      "resolved": "https://registry.npmjs.org/dotenv-expand/-/dotenv-expand-5.1.0.tgz",
      "integrity": "sha512-YXQl1DSa4/PQyRfgrv6aoNjhasp/p4qs9FjJ4q4cQk+8m4r6k4ZSiEyytKG8f8W9gi8WsQtIObNmKd+tMzNTmA==",
      "peer": true
    },
    "electron-to-chromium": {
      "version": "1.4.91",
      "resolved": "https://registry.npmjs.org/electron-to-chromium/-/electron-to-chromium-1.4.91.tgz",
      "integrity": "sha512-Z7Jkc4+ouEg8F6RrrgLOs0kkJjI0cnyFQmnGVpln8pPifuKBNbUr37GMgJsCTSwy6Z9TK7oTwW33Oe+3aERYew==",
      "peer": true
    },
    "escalade": {
      "version": "3.1.1",
      "resolved": "https://registry.npmjs.org/escalade/-/escalade-3.1.1.tgz",
      "integrity": "sha512-k0er2gUkLf8O0zKJiAhmkTnJlTvINGv7ygDNPbeIsX/TJjGJZHuh9B2UxbsaEkmlEo9MfhrSzmhIlhRlI2GXnw==",
      "peer": true
    },
    "has-flag": {
      "version": "4.0.0",
      "resolved": "https://registry.npmjs.org/has-flag/-/has-flag-4.0.0.tgz",
      "integrity": "sha512-EykJT/Q1KjTWctppgIAgfSO0tKVuZUjhgMr17kqTumMl6Afv3EISleU7qZUzoXDFTAHTDC4NOoG/ZxU3EvlMPQ=="
    },
    "json-source-map": {
      "version": "0.6.1",
      "resolved": "https://registry.npmjs.org/json-source-map/-/json-source-map-0.6.1.tgz",
      "integrity": "sha512-1QoztHPsMQqhDq0hlXY5ZqcEdUzxQEIxgFkKl4WUp2pgShObl+9ovi4kRh2TfvAfxAoHOJ9vIMEqk3k4iex7tg=="
    },
    "json5": {
      "version": "2.2.1",
      "resolved": "https://registry.npmjs.org/json5/-/json5-2.2.1.tgz",
      "integrity": "sha512-1hqLFMSrGHRHxav9q9gNjJ5EXznIxGVO09xQRrwplcS8qs28pZ8s8hupZAmqDwZUmVZ2Qb2jnyPOWcDH8m8dlA==",
      "peer": true
    },
    "lmdb": {
      "version": "2.2.4",
      "resolved": "https://registry.npmjs.org/lmdb/-/lmdb-2.2.4.tgz",
      "integrity": "sha512-gto+BB2uEob8qRiTlOq+R3uX0YNHsX9mjxj9Sbdue/LIKqu6IlZjrsjKeGyOMquc/474GEqFyX2pdytpydp0rQ==",
      "requires": {
        "msgpackr": "^1.5.4",
        "nan": "^2.14.2",
        "node-gyp-build": "^4.2.3",
        "ordered-binary": "^1.2.4",
        "weak-lru-cache": "^1.2.2"
      }
    },
    "msgpackr": {
      "version": "1.5.5",
      "resolved": "https://registry.npmjs.org/msgpackr/-/msgpackr-1.5.5.tgz",
      "integrity": "sha512-JG0V47xRIQ9pyUnx6Hb4+3TrQoia2nA3UIdmyTldhxaxtKFkekkKpUW/N6fwHwod9o4BGuJGtouxOk+yCP5PEA==",
      "requires": {
        "msgpackr-extract": "^1.0.14"
      }
    },
    "msgpackr-extract": {
      "version": "1.0.16",
      "resolved": "https://registry.npmjs.org/msgpackr-extract/-/msgpackr-extract-1.0.16.tgz",
      "integrity": "sha512-fxdRfQUxPrL/TizyfYfMn09dK58e+d65bRD/fcaVH4052vj30QOzzqxcQIS7B0NsqlypEQ/6Du3QmP2DhWFfCA==",
      "optional": true,
      "requires": {
        "nan": "^2.14.2",
        "node-gyp-build": "^4.2.3"
      }
    },
    "nan": {
      "version": "2.15.0",
      "resolved": "https://registry.npmjs.org/nan/-/nan-2.15.0.tgz",
      "integrity": "sha512-8ZtvEnA2c5aYCZYd1cvgdnU6cqwixRoYg70xPLWUws5ORTa/lnw+u4amixRS/Ac5U5mQVgp9pnlSUnbNWFaWZQ=="
    },
    "node-addon-api": {
      "version": "3.2.1",
      "resolved": "https://registry.npmjs.org/node-addon-api/-/node-addon-api-3.2.1.tgz",
      "integrity": "sha512-mmcei9JghVNDYydghQmeDX8KoAm0FAiYyIcUt/N4nhyAipB17pllZQDOJD2fotxABnt4Mdz+dKTO7eftLg4d0A=="
    },
    "node-gyp-build": {
      "version": "4.3.0",
      "resolved": "https://registry.npmjs.org/node-gyp-build/-/node-gyp-build-4.3.0.tgz",
      "integrity": "sha512-iWjXZvmboq0ja1pUGULQBexmxq8CV4xBhX7VDOTbL7ZR4FOowwY/VOtRxBN/yKxmdGoIp4j5ysNT4u3S2pDQ3Q=="
    },
    "node-releases": {
      "version": "2.0.2",
      "resolved": "https://registry.npmjs.org/node-releases/-/node-releases-2.0.2.tgz",
      "integrity": "sha512-XxYDdcQ6eKqp/YjI+tb2C5WM2LgjnZrfYg4vgQt49EK268b6gYCHsBLrK2qvJo4FmCtqmKezb0WZFK4fkrZNsg==",
      "peer": true
    },
    "nullthrows": {
      "version": "1.1.1",
      "resolved": "https://registry.npmjs.org/nullthrows/-/nullthrows-1.1.1.tgz",
      "integrity": "sha512-2vPPEi+Z7WqML2jZYddDIfy5Dqb0r2fze2zTxNNknZaFpVHU3mFB3R+DWeJWGVx0ecvttSGlJTI+WG+8Z4cDWw=="
    },
    "ordered-binary": {
      "version": "1.2.4",
      "resolved": "https://registry.npmjs.org/ordered-binary/-/ordered-binary-1.2.4.tgz",
      "integrity": "sha512-A/csN0d3n+igxBPfUrjbV5GC69LWj2pjZzAAeeHXLukQ4+fytfP4T1Lg0ju7MSPSwq7KtHkGaiwO8URZN5IpLg=="
    },
    "picocolors": {
      "version": "1.0.0",
      "resolved": "https://registry.npmjs.org/picocolors/-/picocolors-1.0.0.tgz",
      "integrity": "sha512-1fygroTLlHu66zi26VoTDv8yRgm0Fccecssto+MhsZ0D/DGW2sm8E8AjW7NU5VVTRt5GxbeZ5qBuJr+HyLYkjQ==",
      "peer": true
    },
    "safe-buffer": {
      "version": "5.2.1",
      "resolved": "https://registry.npmjs.org/safe-buffer/-/safe-buffer-5.2.1.tgz",
      "integrity": "sha512-rp3So07KcdmmKbGvgaNxQSJr7bGVSVk5S9Eq1F+ppbRo70+YeaDxkw5Dd8NPN+GD6bjnYm2VuPuCXmpuYvmCXQ==",
      "peer": true
    },
    "semver": {
      "version": "5.7.1",
      "resolved": "https://registry.npmjs.org/semver/-/semver-5.7.1.tgz",
      "integrity": "sha512-sauaDf/PZdVgrLTNYHRtpXa1iRiKcaebiKQ1BJdpQlWH2lCvexQdX55snPFyK7QzpudqbCI0qXFfOasHdyNDGQ=="
    },
    "supports-color": {
      "version": "7.2.0",
      "resolved": "https://registry.npmjs.org/supports-color/-/supports-color-7.2.0.tgz",
      "integrity": "sha512-qpCAvRl9stuOHveKsn7HncJRvv501qIacKzQlO/+Lwxc9+0q2wLyv4Dfvt80/DPn2pqOBsJdDiogXGR9+OvwRw==",
      "requires": {
        "has-flag": "^4.0.0"
      }
    },
    "telefunc": {
      "version": "file:../telefunc",
      "requires": {
        "@brillout/json-s": "^0.4.4",
        "@brillout/libassert": "^0.5.4",
        "@nuxt/types": "^2.15.8",
        "@types/express": "^4.17.11",
        "@types/jest": "^27.4.0",
        "@types/node": "^17.0.10",
        "es-module-lexer": "^0.7.1",
        "next": "^12.0.8",
        "rollup": "^2.67.1",
        "typescript": "^4.5.4",
        "vite": "^2.4.3"
      }
    },
    "typescript": {
      "version": "4.6.3",
      "resolved": "https://registry.npmjs.org/typescript/-/typescript-4.6.3.tgz",
      "integrity": "sha512-yNIatDa5iaofVozS/uQJEl3JRWLKKGJKh6Yaiv0GLGSuhpFJe7P3SbHZ8/yjAHRQwKRoA6YZqlfjXWmVzoVSMw==",
      "dev": true
    },
    "utility-types": {
      "version": "3.10.0",
      "resolved": "https://registry.npmjs.org/utility-types/-/utility-types-3.10.0.tgz",
      "integrity": "sha512-O11mqxmi7wMKCo6HKFt5AhO4BwY3VV68YU07tgxfz8zJTIxr4BpsezN49Ffwy9j3ZpwwJp4fkRwjRzq3uWE6Rg=="
    },
    "weak-lru-cache": {
      "version": "1.2.2",
      "resolved": "https://registry.npmjs.org/weak-lru-cache/-/weak-lru-cache-1.2.2.tgz",
      "integrity": "sha512-DEAoo25RfSYMuTGc9vPJzZcZullwIqRDSI9LOy+fkCJPi6hykCnfKaXTuPBDuXAUcqHXyOgFtHNp/kB2FjYHbw=="
    },
    "xxhash-wasm": {
      "version": "0.4.2",
      "resolved": "https://registry.npmjs.org/xxhash-wasm/-/xxhash-wasm-0.4.2.tgz",
      "integrity": "sha512-/eyHVRJQCirEkSZ1agRSCwriMhwlyUcFkXD5TPVSLP+IPzjsqMVzZwdoczLp1SoQU0R3dxz1RpIK+4YNQbCVOA=="
    }
  }
}
